// !$*UTF8*$!
{
	archiveVersion = 1;
	classes = {
	};
	objectVersion = 46;
	objects = {

/* Begin PBXBuildFile section */
		501A3836176F43470012CC9D /* NSMutableURLRequest+Parameters.m in Sources */ = {isa = PBXBuildFile; fileRef = 501A381A176F43470012CC9D /* NSMutableURLRequest+Parameters.m */; };
		501A3837176F43470012CC9D /* NSString+URLEncoding.m in Sources */ = {isa = PBXBuildFile; fileRef = 501A381C176F43470012CC9D /* NSString+URLEncoding.m */; };
		501A3838176F43470012CC9D /* NSURL+Base.m in Sources */ = {isa = PBXBuildFile; fileRef = 501A381E176F43470012CC9D /* NSURL+Base.m */; };
		501A3839176F43470012CC9D /* Base64Transcoder.c in Sources */ = {isa = PBXBuildFile; fileRef = 501A3820176F43470012CC9D /* Base64Transcoder.c */; };
		501A383A176F43470012CC9D /* OAAsynchronousDataFetcher.m in Sources */ = {isa = PBXBuildFile; fileRef = 501A3823176F43470012CC9D /* OAAsynchronousDataFetcher.m */; };
		501A383B176F43470012CC9D /* OAConsumer.m in Sources */ = {isa = PBXBuildFile; fileRef = 501A3825176F43470012CC9D /* OAConsumer.m */; };
		501A383C176F43470012CC9D /* OADataFetcher.m in Sources */ = {isa = PBXBuildFile; fileRef = 501A3827176F43470012CC9D /* OADataFetcher.m */; };
		501A383D176F43470012CC9D /* OAHMAC_SHA1SignatureProvider.m in Sources */ = {isa = PBXBuildFile; fileRef = 501A3829176F43470012CC9D /* OAHMAC_SHA1SignatureProvider.m */; };
		501A383E176F43470012CC9D /* OAMutableURLRequest.m in Sources */ = {isa = PBXBuildFile; fileRef = 501A382B176F43470012CC9D /* OAMutableURLRequest.m */; };
		501A383F176F43470012CC9D /* OAPlaintextSignatureProvider.m in Sources */ = {isa = PBXBuildFile; fileRef = 501A382D176F43470012CC9D /* OAPlaintextSignatureProvider.m */; };
		501A3840176F43470012CC9D /* OARequestParameter.m in Sources */ = {isa = PBXBuildFile; fileRef = 501A382F176F43470012CC9D /* OARequestParameter.m */; };
		501A3841176F43470012CC9D /* OAServiceTicket.m in Sources */ = {isa = PBXBuildFile; fileRef = 501A3831176F43470012CC9D /* OAServiceTicket.m */; };
		501A3842176F43470012CC9D /* OAToken.m in Sources */ = {isa = PBXBuildFile; fileRef = 501A3834176F43470012CC9D /* OAToken.m */; };
		504ECD91176F3C6C00AD30BB /* QCOAuthPlugIn.m in Sources */ = {isa = PBXBuildFile; fileRef = 504ECD90176F3C6C00AD30BB /* QCOAuthPlugIn.m */; };
		50FCC98C14FF88F7003C383D /* Cocoa.framework in Frameworks */ = {isa = PBXBuildFile; fileRef = 50FCC98B14FF88F7003C383D /* Cocoa.framework */; };
		50FCC98E14FF88F7003C383D /* Quartz.framework in Frameworks */ = {isa = PBXBuildFile; fileRef = 50FCC98D14FF88F7003C383D /* Quartz.framework */; };
/* End PBXBuildFile section */

/* Begin PBXFileReference section */
		4C43CD8C17A8FAA800F3CC9D /* BXRevision.sh */ = {isa = PBXFileReference; lastKnownFileType = text.script.sh; path = BXRevision.sh; sourceTree = "<group>"; };
		501A3819176F43470012CC9D /* NSMutableURLRequest+Parameters.h */ = {isa = PBXFileReference; fileEncoding = 4; lastKnownFileType = sourcecode.c.h; path = "NSMutableURLRequest+Parameters.h"; sourceTree = "<group>"; };
		501A381A176F43470012CC9D /* NSMutableURLRequest+Parameters.m */ = {isa = PBXFileReference; fileEncoding = 4; lastKnownFileType = sourcecode.c.objc; path = "NSMutableURLRequest+Parameters.m"; sourceTree = "<group>"; };
		501A381B176F43470012CC9D /* NSString+URLEncoding.h */ = {isa = PBXFileReference; fileEncoding = 4; lastKnownFileType = sourcecode.c.h; path = "NSString+URLEncoding.h"; sourceTree = "<group>"; };
		501A381C176F43470012CC9D /* NSString+URLEncoding.m */ = {isa = PBXFileReference; fileEncoding = 4; lastKnownFileType = sourcecode.c.objc; path = "NSString+URLEncoding.m"; sourceTree = "<group>"; };
		501A381D176F43470012CC9D /* NSURL+Base.h */ = {isa = PBXFileReference; fileEncoding = 4; lastKnownFileType = sourcecode.c.h; path = "NSURL+Base.h"; sourceTree = "<group>"; };
		501A381E176F43470012CC9D /* NSURL+Base.m */ = {isa = PBXFileReference; fileEncoding = 4; lastKnownFileType = sourcecode.c.objc; path = "NSURL+Base.m"; sourceTree = "<group>"; };
		501A3820176F43470012CC9D /* Base64Transcoder.c */ = {isa = PBXFileReference; fileEncoding = 4; lastKnownFileType = sourcecode.c.c; path = Base64Transcoder.c; sourceTree = "<group>"; };
		501A3821176F43470012CC9D /* Base64Transcoder.h */ = {isa = PBXFileReference; fileEncoding = 4; lastKnownFileType = sourcecode.c.h; path = Base64Transcoder.h; sourceTree = "<group>"; };
		501A3822176F43470012CC9D /* OAAsynchronousDataFetcher.h */ = {isa = PBXFileReference; fileEncoding = 4; lastKnownFileType = sourcecode.c.h; path = OAAsynchronousDataFetcher.h; sourceTree = "<group>"; };
		501A3823176F43470012CC9D /* OAAsynchronousDataFetcher.m */ = {isa = PBXFileReference; fileEncoding = 4; lastKnownFileType = sourcecode.c.objc; path = OAAsynchronousDataFetcher.m; sourceTree = "<group>"; };
		501A3824176F43470012CC9D /* OAConsumer.h */ = {isa = PBXFileReference; fileEncoding = 4; lastKnownFileType = sourcecode.c.h; path = OAConsumer.h; sourceTree = "<group>"; };
		501A3825176F43470012CC9D /* OAConsumer.m */ = {isa = PBXFileReference; fileEncoding = 4; lastKnownFileType = sourcecode.c.objc; path = OAConsumer.m; sourceTree = "<group>"; };
		501A3826176F43470012CC9D /* OADataFetcher.h */ = {isa = PBXFileReference; fileEncoding = 4; lastKnownFileType = sourcecode.c.h; path = OADataFetcher.h; sourceTree = "<group>"; };
		501A3827176F43470012CC9D /* OADataFetcher.m */ = {isa = PBXFileReference; fileEncoding = 4; lastKnownFileType = sourcecode.c.objc; path = OADataFetcher.m; sourceTree = "<group>"; };
		501A3828176F43470012CC9D /* OAHMAC_SHA1SignatureProvider.h */ = {isa = PBXFileReference; fileEncoding = 4; lastKnownFileType = sourcecode.c.h; path = OAHMAC_SHA1SignatureProvider.h; sourceTree = "<group>"; };
		501A3829176F43470012CC9D /* OAHMAC_SHA1SignatureProvider.m */ = {isa = PBXFileReference; fileEncoding = 4; lastKnownFileType = sourcecode.c.objc; path = OAHMAC_SHA1SignatureProvider.m; sourceTree = "<group>"; };
		501A382A176F43470012CC9D /* OAMutableURLRequest.h */ = {isa = PBXFileReference; fileEncoding = 4; lastKnownFileType = sourcecode.c.h; path = OAMutableURLRequest.h; sourceTree = "<group>"; };
		501A382B176F43470012CC9D /* OAMutableURLRequest.m */ = {isa = PBXFileReference; fileEncoding = 4; lastKnownFileType = sourcecode.c.objc; path = OAMutableURLRequest.m; sourceTree = "<group>"; };
		501A382C176F43470012CC9D /* OAPlaintextSignatureProvider.h */ = {isa = PBXFileReference; fileEncoding = 4; lastKnownFileType = sourcecode.c.h; path = OAPlaintextSignatureProvider.h; sourceTree = "<group>"; };
		501A382D176F43470012CC9D /* OAPlaintextSignatureProvider.m */ = {isa = PBXFileReference; fileEncoding = 4; lastKnownFileType = sourcecode.c.objc; path = OAPlaintextSignatureProvider.m; sourceTree = "<group>"; };
		501A382E176F43470012CC9D /* OARequestParameter.h */ = {isa = PBXFileReference; fileEncoding = 4; lastKnownFileType = sourcecode.c.h; path = OARequestParameter.h; sourceTree = "<group>"; };
		501A382F176F43470012CC9D /* OARequestParameter.m */ = {isa = PBXFileReference; fileEncoding = 4; lastKnownFileType = sourcecode.c.objc; path = OARequestParameter.m; sourceTree = "<group>"; };
		501A3830176F43470012CC9D /* OAServiceTicket.h */ = {isa = PBXFileReference; fileEncoding = 4; lastKnownFileType = sourcecode.c.h; path = OAServiceTicket.h; sourceTree = "<group>"; };
		501A3831176F43470012CC9D /* OAServiceTicket.m */ = {isa = PBXFileReference; fileEncoding = 4; lastKnownFileType = sourcecode.c.objc; path = OAServiceTicket.m; sourceTree = "<group>"; };
		501A3832176F43470012CC9D /* OASignatureProviding.h */ = {isa = PBXFileReference; fileEncoding = 4; lastKnownFileType = sourcecode.c.h; path = OASignatureProviding.h; sourceTree = "<group>"; };
		501A3833176F43470012CC9D /* OAToken.h */ = {isa = PBXFileReference; fileEncoding = 4; lastKnownFileType = sourcecode.c.h; path = OAToken.h; sourceTree = "<group>"; };
		501A3834176F43470012CC9D /* OAToken.m */ = {isa = PBXFileReference; fileEncoding = 4; lastKnownFileType = sourcecode.c.objc; path = OAToken.m; sourceTree = "<group>"; };
		501A3835176F43470012CC9D /* OAuthConsumer.h */ = {isa = PBXFileReference; fileEncoding = 4; lastKnownFileType = sourcecode.c.h; path = OAuthConsumer.h; sourceTree = "<group>"; };
		504ECD8F176F3C6C00AD30BB /* QCOAuthPlugIn.h */ = {isa = PBXFileReference; fileEncoding = 4; lastKnownFileType = sourcecode.c.h; path = QCOAuthPlugIn.h; sourceTree = "<group>"; };
		504ECD90176F3C6C00AD30BB /* QCOAuthPlugIn.m */ = {isa = PBXFileReference; fileEncoding = 4; lastKnownFileType = sourcecode.c.objc; path = QCOAuthPlugIn.m; sourceTree = "<group>"; };
		50B70A2A1796DEA90067C74C /* BuildNumber.xcconfig */ = {isa = PBXFileReference; lastKnownFileType = text.xcconfig; path = BuildNumber.xcconfig; sourceTree = "<group>"; };
		50B70A2B1796DEA90067C74C /* Project.xcconfig */ = {isa = PBXFileReference; lastKnownFileType = text.xcconfig; path = Project.xcconfig; sourceTree = "<group>"; };
		50FCC98814FF88F7003C383D /* QCOAuth.plugin */ = {isa = PBXFileReference; explicitFileType = wrapper.cfbundle; includeInIndex = 0; path = QCOAuth.plugin; sourceTree = BUILT_PRODUCTS_DIR; };
		50FCC98B14FF88F7003C383D /* Cocoa.framework */ = {isa = PBXFileReference; lastKnownFileType = wrapper.framework; name = Cocoa.framework; path = System/Library/Frameworks/Cocoa.framework; sourceTree = SDKROOT; };
		50FCC98D14FF88F7003C383D /* Quartz.framework */ = {isa = PBXFileReference; lastKnownFileType = wrapper.framework; name = Quartz.framework; path = System/Library/Frameworks/Quartz.framework; sourceTree = SDKROOT; };
		50FCC99014FF88F7003C383D /* AppKit.framework */ = {isa = PBXFileReference; lastKnownFileType = wrapper.framework; name = AppKit.framework; path = System/Library/Frameworks/AppKit.framework; sourceTree = SDKROOT; };
		50FCC99114FF88F7003C383D /* CoreData.framework */ = {isa = PBXFileReference; lastKnownFileType = wrapper.framework; name = CoreData.framework; path = System/Library/Frameworks/CoreData.framework; sourceTree = SDKROOT; };
		50FCC99214FF88F7003C383D /* Foundation.framework */ = {isa = PBXFileReference; lastKnownFileType = wrapper.framework; name = Foundation.framework; path = System/Library/Frameworks/Foundation.framework; sourceTree = SDKROOT; };
		50FCC99714FF88F7003C383D /* QCOAuth-Info.plist */ = {isa = PBXFileReference; lastKnownFileType = text.plist.xml; path = "QCOAuth-Info.plist"; sourceTree = "<group>"; };
/* End PBXFileReference section */

/* Begin PBXFrameworksBuildPhase section */
		50FCC98414FF88F7003C383D /* Frameworks */ = {
			isa = PBXFrameworksBuildPhase;
			buildActionMask = 2147483647;
			files = (
				50FCC98C14FF88F7003C383D /* Cocoa.framework in Frameworks */,
				50FCC98E14FF88F7003C383D /* Quartz.framework in Frameworks */,
			);
			runOnlyForDeploymentPostprocessing = 0;
		};
/* End PBXFrameworksBuildPhase section */

/* Begin PBXGroup section */
		4C43CD8B17A8FA7100F3CC9D /* Scripts */ = {
			isa = PBXGroup;
			children = (
				4C43CD8C17A8FAA800F3CC9D /* BXRevision.sh */,
			);
			path = Scripts;
			sourceTree = "<group>";
		};
		501A3817176F43470012CC9D /* OAuthConsumer */ = {
			isa = PBXGroup;
			children = (
				501A3818176F43470012CC9D /* Categories */,
				501A381F176F43470012CC9D /* Crytpo */,
				501A3822176F43470012CC9D /* OAAsynchronousDataFetcher.h */,
				501A3823176F43470012CC9D /* OAAsynchronousDataFetcher.m */,
				501A3824176F43470012CC9D /* OAConsumer.h */,
				501A3825176F43470012CC9D /* OAConsumer.m */,
				501A3826176F43470012CC9D /* OADataFetcher.h */,
				501A3827176F43470012CC9D /* OADataFetcher.m */,
				501A3828176F43470012CC9D /* OAHMAC_SHA1SignatureProvider.h */,
				501A3829176F43470012CC9D /* OAHMAC_SHA1SignatureProvider.m */,
				501A382A176F43470012CC9D /* OAMutableURLRequest.h */,
				501A382B176F43470012CC9D /* OAMutableURLRequest.m */,
				501A382C176F43470012CC9D /* OAPlaintextSignatureProvider.h */,
				501A382D176F43470012CC9D /* OAPlaintextSignatureProvider.m */,
				501A382E176F43470012CC9D /* OARequestParameter.h */,
				501A382F176F43470012CC9D /* OARequestParameter.m */,
				501A3830176F43470012CC9D /* OAServiceTicket.h */,
				501A3831176F43470012CC9D /* OAServiceTicket.m */,
				501A3832176F43470012CC9D /* OASignatureProviding.h */,
				501A3833176F43470012CC9D /* OAToken.h */,
				501A3834176F43470012CC9D /* OAToken.m */,
				501A3835176F43470012CC9D /* OAuthConsumer.h */,
			);
			path = OAuthConsumer;
			sourceTree = "<group>";
		};
		501A3818176F43470012CC9D /* Categories */ = {
			isa = PBXGroup;
			children = (
				501A3819176F43470012CC9D /* NSMutableURLRequest+Parameters.h */,
				501A381A176F43470012CC9D /* NSMutableURLRequest+Parameters.m */,
				501A381B176F43470012CC9D /* NSString+URLEncoding.h */,
				501A381C176F43470012CC9D /* NSString+URLEncoding.m */,
				501A381D176F43470012CC9D /* NSURL+Base.h */,
				501A381E176F43470012CC9D /* NSURL+Base.m */,
			);
			path = Categories;
			sourceTree = "<group>";
		};
		501A381F176F43470012CC9D /* Crytpo */ = {
			isa = PBXGroup;
			children = (
				501A3820176F43470012CC9D /* Base64Transcoder.c */,
				501A3821176F43470012CC9D /* Base64Transcoder.h */,
			);
			path = Crytpo;
			sourceTree = "<group>";
		};
		50B70A291796DEA90067C74C /* Config */ = {
			isa = PBXGroup;
			children = (
				50B70A2A1796DEA90067C74C /* BuildNumber.xcconfig */,
				50B70A2B1796DEA90067C74C /* Project.xcconfig */,
			);
			path = Config;
			sourceTree = "<group>";
		};
		50FCC97C14FF88F7003C383D = {
			isa = PBXGroup;
			children = (
				4C43CD8B17A8FA7100F3CC9D /* Scripts */,
				50B70A291796DEA90067C74C /* Config */,
				50FCC99514FF88F7003C383D /* QCOAuth */,
				501A3817176F43470012CC9D /* OAuthConsumer */,
				50FCC98A14FF88F7003C383D /* Frameworks */,
				50FCC98914FF88F7003C383D /* Products */,
			);
			sourceTree = "<group>";
		};
		50FCC98914FF88F7003C383D /* Products */ = {
			isa = PBXGroup;
			children = (
				50FCC98814FF88F7003C383D /* QCOAuth.plugin */,
			);
			name = Products;
			sourceTree = "<group>";
		};
		50FCC98A14FF88F7003C383D /* Frameworks */ = {
			isa = PBXGroup;
			children = (
				50FCC98B14FF88F7003C383D /* Cocoa.framework */,
				50FCC98D14FF88F7003C383D /* Quartz.framework */,
				50FCC99014FF88F7003C383D /* AppKit.framework */,
				50FCC99114FF88F7003C383D /* CoreData.framework */,
				50FCC99214FF88F7003C383D /* Foundation.framework */,
			);
			name = Frameworks;
			sourceTree = "<group>";
		};
		50FCC99514FF88F7003C383D /* QCOAuth */ = {
			isa = PBXGroup;
			children = (
				504ECD8F176F3C6C00AD30BB /* QCOAuthPlugIn.h */,
				504ECD90176F3C6C00AD30BB /* QCOAuthPlugIn.m */,
				50FCC99714FF88F7003C383D /* QCOAuth-Info.plist */,
			);
			path = QCOAuth;
			sourceTree = "<group>";
		};
/* End PBXGroup section */

/* Begin PBXNativeTarget section */
		50FCC98714FF88F7003C383D /* QCOAuth */ = {
			isa = PBXNativeTarget;
			buildConfigurationList = 50FCC9A114FF88F7003C383D /* Build configuration list for PBXNativeTarget "QCOAuth" */;
			buildPhases = (
				50FCC98314FF88F7003C383D /* Sources */,
				50FCC98414FF88F7003C383D /* Frameworks */,
				50FCC98514FF88F7003C383D /* Resources */,
			);
			buildRules = (
			);
			dependencies = (
			);
			name = QCOAuth;
			productName = QCOAuth;
			productReference = 50FCC98814FF88F7003C383D /* QCOAuth.plugin */;
			productType = "com.apple.product-type.bundle";
		};
/* End PBXNativeTarget section */

/* Begin PBXProject section */
		50FCC97E14FF88F7003C383D /* Project object */ = {
			isa = PBXProject;
			attributes = {
				LastUpgradeCheck = 0510;
				ORGANIZATIONNAME = "Boinx Software";
			};
			buildConfigurationList = 50FCC98114FF88F7003C383D /* Build configuration list for PBXProject "QCOAuth" */;
			compatibilityVersion = "Xcode 3.2";
			developmentRegion = English;
			hasScannedForEncodings = 0;
			knownRegions = (
				en,
			);
			mainGroup = 50FCC97C14FF88F7003C383D;
			productRefGroup = 50FCC98914FF88F7003C383D /* Products */;
			projectDirPath = "";
			projectRoot = "";
			targets = (
				50FCC98714FF88F7003C383D /* QCOAuth */,
			);
		};
/* End PBXProject section */

/* Begin PBXResourcesBuildPhase section */
		50FCC98514FF88F7003C383D /* Resources */ = {
			isa = PBXResourcesBuildPhase;
			buildActionMask = 2147483647;
			files = (
			);
			runOnlyForDeploymentPostprocessing = 0;
		};
/* End PBXResourcesBuildPhase section */

/* Begin PBXSourcesBuildPhase section */
		50FCC98314FF88F7003C383D /* Sources */ = {
			isa = PBXSourcesBuildPhase;
			buildActionMask = 2147483647;
			files = (
				504ECD91176F3C6C00AD30BB /* QCOAuthPlugIn.m in Sources */,
				501A3836176F43470012CC9D /* NSMutableURLRequest+Parameters.m in Sources */,
				501A3837176F43470012CC9D /* NSString+URLEncoding.m in Sources */,
				501A3838176F43470012CC9D /* NSURL+Base.m in Sources */,
				501A3839176F43470012CC9D /* Base64Transcoder.c in Sources */,
				501A383A176F43470012CC9D /* OAAsynchronousDataFetcher.m in Sources */,
				501A383B176F43470012CC9D /* OAConsumer.m in Sources */,
				501A383C176F43470012CC9D /* OADataFetcher.m in Sources */,
				501A383D176F43470012CC9D /* OAHMAC_SHA1SignatureProvider.m in Sources */,
				501A383E176F43470012CC9D /* OAMutableURLRequest.m in Sources */,
				501A383F176F43470012CC9D /* OAPlaintextSignatureProvider.m in Sources */,
				501A3840176F43470012CC9D /* OARequestParameter.m in Sources */,
				501A3841176F43470012CC9D /* OAServiceTicket.m in Sources */,
				501A3842176F43470012CC9D /* OAToken.m in Sources */,
			);
			runOnlyForDeploymentPostprocessing = 0;
		};
/* End PBXSourcesBuildPhase section */

/* Begin XCBuildConfiguration section */
		50FCC99F14FF88F7003C383D /* Debug */ = {
			isa = XCBuildConfiguration;
			baseConfigurationReference = 50B70A2B1796DEA90067C74C /* Project.xcconfig */;
			buildSettings = {
				ALWAYS_SEARCH_USER_PATHS = NO;
				ARCHS = "$(ARCHS_STANDARD_32_64_BIT)";
				CLANG_WARN_BOOL_CONVERSION = YES;
				CLANG_WARN_CONSTANT_CONVERSION = YES;
				CLANG_WARN_EMPTY_BODY = YES;
				CLANG_WARN_ENUM_CONVERSION = YES;
				CLANG_WARN_INT_CONVERSION = YES;
				CLANG_WARN__DUPLICATE_METHOD_MATCH = YES;
				COPY_PHASE_STRIP = NO;
				GCC_C_LANGUAGE_STANDARD = gnu99;
				GCC_DYNAMIC_NO_PIC = NO;
				GCC_ENABLE_OBJC_EXCEPTIONS = YES;
				GCC_OPTIMIZATION_LEVEL = 0;
				GCC_PREPROCESSOR_DEFINITIONS = (
					"DEBUG=1",
					"$(inherited)",
				);
				GCC_SYMBOLS_PRIVATE_EXTERN = NO;
				GCC_VERSION = com.apple.compilers.llvm.clang.1_0;
				GCC_WARN_64_TO_32_BIT_CONVERSION = YES;
				GCC_WARN_ABOUT_MISSING_PROTOTYPES = YES;
				GCC_WARN_ABOUT_RETURN_TYPE = YES;
				GCC_WARN_UNDECLARED_SELECTOR = YES;
				GCC_WARN_UNINITIALIZED_AUTOS = YES;
				GCC_WARN_UNUSED_FUNCTION = YES;
				GCC_WARN_UNUSED_VARIABLE = YES;
				MACOSX_DEPLOYMENT_TARGET = 10.6;
				ONLY_ACTIVE_ARCH = NO;
				SDKROOT = macosx;
			};
			name = Debug;
		};
		50FCC9A014FF88F7003C383D /* Release */ = {
			isa = XCBuildConfiguration;
			baseConfigurationReference = 50B70A2B1796DEA90067C74C /* Project.xcconfig */;
			buildSettings = {
				ALWAYS_SEARCH_USER_PATHS = NO;
				ARCHS = "$(ARCHS_STANDARD_32_64_BIT)";
				CLANG_WARN_BOOL_CONVERSION = YES;
				CLANG_WARN_CONSTANT_CONVERSION = YES;
				CLANG_WARN_EMPTY_BODY = YES;
				CLANG_WARN_ENUM_CONVERSION = YES;
				CLANG_WARN_INT_CONVERSION = YES;
				CLANG_WARN__DUPLICATE_METHOD_MATCH = YES;
				COPY_PHASE_STRIP = YES;
				DEBUG_INFORMATION_FORMAT = "dwarf-with-dsym";
				GCC_C_LANGUAGE_STANDARD = gnu99;
				GCC_ENABLE_OBJC_EXCEPTIONS = YES;
				GCC_VERSION = com.apple.compilers.llvm.clang.1_0;
				GCC_WARN_64_TO_32_BIT_CONVERSION = YES;
				GCC_WARN_ABOUT_MISSING_PROTOTYPES = YES;
				GCC_WARN_ABOUT_RETURN_TYPE = YES;
				GCC_WARN_UNDECLARED_SELECTOR = YES;
				GCC_WARN_UNINITIALIZED_AUTOS = YES;
				GCC_WARN_UNUSED_FUNCTION = YES;
				GCC_WARN_UNUSED_VARIABLE = YES;
				MACOSX_DEPLOYMENT_TARGET = 10.6;
				ONLY_ACTIVE_ARCH = NO;
				SDKROOT = macosx;
			};
			name = Release;
		};
		50FCC9A214FF88F7003C383D /* Debug */ = {
			isa = XCBuildConfiguration;
			buildSettings = {
				COMBINE_HIDPI_IMAGES = YES;
				GCC_PRECOMPILE_PREFIX_HEADER = YES;
				GCC_PREFIX_HEADER = "QCOAuth/QCOAuth-Prefix.pch";
				INFOPLIST_FILE = "QCOAuth/QCOAuth-Info.plist";
				INSTALL_PATH = "$(HOME)/Library/Graphics/Quartz Composer Plug-Ins";
				PRODUCT_NAME = "$(TARGET_NAME)";
				SKIP_INSTALL = YES;
				WRAPPER_EXTENSION = plugin;
			};
			name = Debug;
		};
		50FCC9A314FF88F7003C383D /* Release */ = {
			isa = XCBuildConfiguration;
			buildSettings = {
				COMBINE_HIDPI_IMAGES = YES;
				GCC_PRECOMPILE_PREFIX_HEADER = YES;
				GCC_PREFIX_HEADER = "QCOAuth/QCOAuth-Prefix.pch";
				INFOPLIST_FILE = "QCOAuth/QCOAuth-Info.plist";
				INSTALL_PATH = "$(HOME)/Library/Graphics/Quartz Composer Plug-Ins";
				PRODUCT_NAME = "$(TARGET_NAME)";
				SKIP_INSTALL = YES;
				WRAPPER_EXTENSION = plugin;
			};
			name = Release;
		};
/* End XCBuildConfiguration section */

/* Begin XCConfigurationList section */
		50FCC98114FF88F7003C383D /* Build configuration list for PBXProject "QCOAuth" */ = {
			isa = XCConfigurationList;
			buildConfigurations = (
				50FCC99F14FF88F7003C383D /* Debug */,
				50FCC9A014FF88F7003C383D /* Release */,
			);
			defaultConfigurationIsVisible = 0;
			defaultConfigurationName = Release;
		};
		50FCC9A114FF88F7003C383D /* Build configuration list for PBXNativeTarget "QCOAuth" */ = {
			isa = XCConfigurationList;
			buildConfigurations = (
				50FCC9A214FF88F7003C383D /* Debug */,
				50FCC9A314FF88F7003C383D /* Release */,
			);
			defaultConfigurationIsVisible = 0;
			defaultConfigurationName = Release;
		};
/* End XCConfigurationList section */
	};
	rootObject = 50FCC97E14FF88F7003C383D /* Project object */;
}
